{
  "requires": true,
  "lockfileVersion": 1,
  "dependencies": {
    "mq-scss": {
      "version": "2.1.5",
      "resolved": "https://registry.npmjs.org/mq-scss/-/mq-scss-2.1.5.tgz",
      "integrity": "sha512-3c7OrB+0n8lYm981odZHmD1PAdGXyDmG2WfeN10U1pn3h+V4B+qZX4TtnHkIohizfnvQJIppcog/9cwJLDldwQ=="
    }
  }
}
